
Microsoft Visual Studio Solution File, Format Version 12.00
# Visual Studio 15
VisualStudioVersion = 15.0.28010.2026
MinimumVisualStudioVersion = 10.0.40219.1
Project("{FAE04EC0-301F-11D3-BF4B-00C04F79EFBC}") = "vp_lab_4", "vp_lab_4\vp_lab_4.csproj", "{D56044E7-6AAC-4BE6-BB4F-8DECF9F32AB3}"
EndProject
Global
	GlobalSection(SolutionConfigurationPlatforms) = preSolution
		Debug|Any CPU = Debug|Any CPU
		Release|Any CPU = Release|Any CPU
	EndGlobalSection
	GlobalSection(ProjectConfigurationPlatforms) = postSolution
		{D56044E7-6AAC-4BE6-BB4F-8DECF9F32AB3}.Debug|Any CPU.ActiveCfg = Debug|Any CPU
		{D56044E7-6AAC-4BE6-BB4F-8DECF9F32AB3}.Debug|Any CPU.Build.0 = Debug|Any CPU
		{D56044E7-6AAC-4BE6-BB4F-8DECF9F32AB3}.Release|Any CPU.ActiveCfg = Release|Any CPU
		{D56044E7-6AAC-4BE6-BB4F-8DECF9F32AB3}.Release|Any CPU.Build.0 = Release|Any CPU
	EndGlobalSection
	GlobalSection(SolutionProperties) = preSolution
		HideSolutionNode = FALSE
	EndGlobalSection
	GlobalSection(ExtensibilityGlobals) = postSolution
		SolutionGuid = {789B8AF2-5D36-4E15-889B-4B172B37C0BF}
	EndGlobalSection
EndGlobal
